
Microsoft Visual Studio Solution File, Format Version 12.00
# Visual Studio Version 17
VisualStudioVersion = 17.11.35312.102
MinimumVisualStudioVersion = 10.0.40219.1
Project("{9A19103F-16F7-4668-BE54-9A1E7A4F7556}") = "eLearningSystem.API", "eLearningSystem.API.csproj", "{5B827D39-AC78-4379-A513-6515D12C4A90}"
EndProject
Project("{FAE04EC0-301F-11D3-BF4B-00C04F79EFBC}") = "Entities", "..\Entities\Entities.csproj", "{5A236980-3BD0-4002-8D1A-49534351274F}"
EndProject
Project("{FAE04EC0-301F-11D3-BF4B-00C04F79EFBC}") = "Repository.Contracts", "..\Repository.Contracts\Repository.Contracts.csproj", "{1D47DF30-155A-44FE-BC1A-A844B0C59E85}"
EndProject
Project("{FAE04EC0-301F-11D3-BF4B-00C04F79EFBC}") = "Repository", "..\Repository\Repository.csproj", "{5AFB5E29-F751-470B-B003-3E30D243C311}"
EndProject
Project("{FAE04EC0-301F-11D3-BF4B-00C04F79EFBC}") = "Service", "..\Service\Service.csproj", "{A10B1C03-7B52-42DF-A37F-8D9B3F430A96}"
EndProject
Project("{FAE04EC0-301F-11D3-BF4B-00C04F79EFBC}") = "Service.Contracts", "..\Service.Contracts\Service.Contracts.csproj", "{D1C4A8EE-3060-4260-9A34-37CEC001E2EF}"
EndProject
Project("{FAE04EC0-301F-11D3-BF4B-00C04F79EFBC}") = "Shared", "..\Shared\Shared.csproj", "{CB4BBCC7-E24D-4286-97CA-1E44096F3049}"
EndProject
Project("{FAE04EC0-301F-11D3-BF4B-00C04F79EFBC}") = "LoggerService", "..\LoggerService\LoggerService.csproj", "{8D0FAFED-3E42-460B-A955-EF48D6965E27}"
EndProject
Project("{FAE04EC0-301F-11D3-BF4B-00C04F79EFBC}") = "eLearningSystem.Presentation", "..\eLearningSystem.Presentation\eLearningSystem.Presentation.csproj", "{CE0E7BE7-A258-461A-8817-5DBC87B118CA}"
EndProject
Global
	GlobalSection(SolutionConfigurationPlatforms) = preSolution
		Debug|Any CPU = Debug|Any CPU
		Release|Any CPU = Release|Any CPU
	EndGlobalSection
	GlobalSection(ProjectConfigurationPlatforms) = postSolution
		{5B827D39-AC78-4379-A513-6515D12C4A90}.Debug|Any CPU.ActiveCfg = Debug|Any CPU
		{5B827D39-AC78-4379-A513-6515D12C4A90}.Debug|Any CPU.Build.0 = Debug|Any CPU
		{5B827D39-AC78-4379-A513-6515D12C4A90}.Release|Any CPU.ActiveCfg = Release|Any CPU
		{5B827D39-AC78-4379-A513-6515D12C4A90}.Release|Any CPU.Build.0 = Release|Any CPU
		{5A236980-3BD0-4002-8D1A-49534351274F}.Debug|Any CPU.ActiveCfg = Debug|Any CPU
		{5A236980-3BD0-4002-8D1A-49534351274F}.Debug|Any CPU.Build.0 = Debug|Any CPU
		{5A236980-3BD0-4002-8D1A-49534351274F}.Release|Any CPU.ActiveCfg = Release|Any CPU
		{5A236980-3BD0-4002-8D1A-49534351274F}.Release|Any CPU.Build.0 = Release|Any CPU
		{1D47DF30-155A-44FE-BC1A-A844B0C59E85}.Debug|Any CPU.ActiveCfg = Debug|Any CPU
		{1D47DF30-155A-44FE-BC1A-A844B0C59E85}.Debug|Any CPU.Build.0 = Debug|Any CPU
		{1D47DF30-155A-44FE-BC1A-A844B0C59E85}.Release|Any CPU.ActiveCfg = Release|Any CPU
		{1D47DF30-155A-44FE-BC1A-A844B0C59E85}.Release|Any CPU.Build.0 = Release|Any CPU
		{5AFB5E29-F751-470B-B003-3E30D243C311}.Debug|Any CPU.ActiveCfg = Debug|Any CPU
		{5AFB5E29-F751-470B-B003-3E30D243C311}.Debug|Any CPU.Build.0 = Debug|Any CPU
		{5AFB5E29-F751-470B-B003-3E30D243C311}.Release|Any CPU.ActiveCfg = Release|Any CPU
		{5AFB5E29-F751-470B-B003-3E30D243C311}.Release|Any CPU.Build.0 = Release|Any CPU
		{A10B1C03-7B52-42DF-A37F-8D9B3F430A96}.Debug|Any CPU.ActiveCfg = Debug|Any CPU
		{A10B1C03-7B52-42DF-A37F-8D9B3F430A96}.Debug|Any CPU.Build.0 = Debug|Any CPU
		{A10B1C03-7B52-42DF-A37F-8D9B3F430A96}.Release|Any CPU.ActiveCfg = Release|Any CPU
		{A10B1C03-7B52-42DF-A37F-8D9B3F430A96}.Release|Any CPU.Build.0 = Release|Any CPU
		{D1C4A8EE-3060-4260-9A34-37CEC001E2EF}.Debug|Any CPU.ActiveCfg = Debug|Any CPU
		{D1C4A8EE-3060-4260-9A34-37CEC001E2EF}.Debug|Any CPU.Build.0 = Debug|Any CPU
		{D1C4A8EE-3060-4260-9A34-37CEC001E2EF}.Release|Any CPU.ActiveCfg = Release|Any CPU
		{D1C4A8EE-3060-4260-9A34-37CEC001E2EF}.Release|Any CPU.Build.0 = Release|Any CPU
		{CB4BBCC7-E24D-4286-97CA-1E44096F3049}.Debug|Any CPU.ActiveCfg = Debug|Any CPU
		{CB4BBCC7-E24D-4286-97CA-1E44096F3049}.Debug|Any CPU.Build.0 = Debug|Any CPU
		{CB4BBCC7-E24D-4286-97CA-1E44096F3049}.Release|Any CPU.ActiveCfg = Release|Any CPU
		{CB4BBCC7-E24D-4286-97CA-1E44096F3049}.Release|Any CPU.Build.0 = Release|Any CPU
		{8D0FAFED-3E42-460B-A955-EF48D6965E27}.Debug|Any CPU.ActiveCfg = Debug|Any CPU
		{8D0FAFED-3E42-460B-A955-EF48D6965E27}.Debug|Any CPU.Build.0 = Debug|Any CPU
		{8D0FAFED-3E42-460B-A955-EF48D6965E27}.Release|Any CPU.ActiveCfg = Release|Any CPU
		{8D0FAFED-3E42-460B-A955-EF48D6965E27}.Release|Any CPU.Build.0 = Release|Any CPU
		{CE0E7BE7-A258-461A-8817-5DBC87B118CA}.Debug|Any CPU.ActiveCfg = Debug|Any CPU
		{CE0E7BE7-A258-461A-8817-5DBC87B118CA}.Debug|Any CPU.Build.0 = Debug|Any CPU
		{CE0E7BE7-A258-461A-8817-5DBC87B118CA}.Release|Any CPU.ActiveCfg = Release|Any CPU
		{CE0E7BE7-A258-461A-8817-5DBC87B118CA}.Release|Any CPU.Build.0 = Release|Any CPU
	EndGlobalSection
	GlobalSection(SolutionProperties) = preSolution
		HideSolutionNode = FALSE
	EndGlobalSection
	GlobalSection(ExtensibilityGlobals) = postSolution
		SolutionGuid = {CE8E7BB9-7077-4E68-B3D2-47470C542967}
	EndGlobalSection
EndGlobal
